{
  "object": {
    "pins": [
      {
        "package": "BlinkMachines",
        "repositoryURL": "https://github.com/blinksh/BlinkBuild",
        "state": {
          "branch": null,
          "revision": "90576edfec9c71d4322cb164e24934f265b6ebf1",
          "version": "0.0.22"
        }
      },
      {
        "package": "FMake",
        "repositoryURL": "https://github.com/yury/FMake",
        "state": {
          "branch": "main",
          "revision": "cc6197349b5df3cf6a724617e309e4e2fa08a934",
          "version": null
        }
      },
      {
        "package": "Nanoseconds",
        "repositoryURL": "https://github.com/dominicegginton/Nanoseconds",
        "state": {
          "branch": null,
          "revision": "a279f375fd88d91102d7567d7f93cbbfb85f3a53",
          "version": "1.1.3"
        }
      },
      {
        "package": "Promise",
        "repositoryURL": "https://github.com/yury/Promise",
        "state": {
          "branch": null,
          "revision": "ab6c034681c996e550d9001b752825de08a57076",
          "version": "3.0.0"
        }
      },
      {
        "package": "Rainbow",
        "repositoryURL": "https://github.com/onevcat/Rainbow",
        "state": {
          "branch": null,
          "revision": "626c3d4b6b55354b4af3aa309f998fae9b31a3d9",
          "version": "3.2.0"
        }
      },
      {
        "package": "Spinner",
        "repositoryURL": "https://github.com/yury/Spinner",
        "state": {
          "branch": null,
          "revision": "8ad7b4fd5c6810ec0db55b01c5d4f5c5b6ebdd96",
          "version": "1.3.7"
        }
      },
      {
        "package": "SSHConfig",
        "repositoryURL": "https://github.com/yury/SSHConfig",
        "state": {
          "branch": "main",
          "revision": "e57783a1e414299e6eeaadf710dfbb8276234104",
          "version": null
        }
      },
      {
        "package": "swift-argument-parser",
        "repositoryURL": "https://github.com/apple/swift-argument-parser",
        "state": {
          "branch": null,
          "revision": "6b2aa2748a7881eebb9f84fb10c01293e15b52ca",
          "version": "0.5.0"
        }
      }
    ]
  },
  "version": 1
}
